// !$*UTF8*$!
{
	archiveVersion = 1;
	classes = {
	};
	objectVersion = 55;
	objects = {

/* Begin PBXBuildFile section */
		377B6B5A287896010008586B /* AppDelegate.swift in Sources */ = {isa = PBXBuildFile; fileRef = 377B6B59287896010008586B /* AppDelegate.swift */; };
		377B6B5C287896010008586B /* SceneDelegate.swift in Sources */ = {isa = PBXBuildFile; fileRef = 377B6B5B287896010008586B /* SceneDelegate.swift */; };
		377B6B63287896020008586B /* Assets.xcassets in Resources */ = {isa = PBXBuildFile; fileRef = 377B6B62287896020008586B /* Assets.xcassets */; };
		377B6B66287896020008586B /* LaunchScreen.storyboard in Resources */ = {isa = PBXBuildFile; fileRef = 377B6B64287896020008586B /* LaunchScreen.storyboard */; };
		377B6B6E28789A9A0008586B /* FeedViewController.swift in Sources */ = {isa = PBXBuildFile; fileRef = 377B6B6D28789A9A0008586B /* FeedViewController.swift */; };
		377B6B7028789AB20008586B /* ProfileViewController.swift in Sources */ = {isa = PBXBuildFile; fileRef = 377B6B6F28789AB20008586B /* ProfileViewController.swift */; };
		377B6B732878A0280008586B /* PostViewController.swift in Sources */ = {isa = PBXBuildFile; fileRef = 377B6B722878A0280008586B /* PostViewController.swift */; };
		377B6B762878A0530008586B /* Post.swift in Sources */ = {isa = PBXBuildFile; fileRef = 377B6B752878A0530008586B /* Post.swift */; };
		377B6B792878A1240008586B /* ButtonFeed.swift in Sources */ = {isa = PBXBuildFile; fileRef = 377B6B782878A1240008586B /* ButtonFeed.swift */; };
		377B6B7B2878C42E0008586B /* InfoViewController.swift in Sources */ = {isa = PBXBuildFile; fileRef = 377B6B7A2878C42E0008586B /* InfoViewController.swift */; };
		377B6B7D2878C48A0008586B /* ButtonAlert.swift in Sources */ = {isa = PBXBuildFile; fileRef = 377B6B7C2878C48A0008586B /* ButtonAlert.swift */; };
		3785A87828965A6A004C31EA /* NewPost.swift in Sources */ = {isa = PBXBuildFile; fileRef = 3785A87728965A6A004C31EA /* NewPost.swift */; };
		3785A87A28966249004C31EA /* PostTableViewCell.swift in Sources */ = {isa = PBXBuildFile; fileRef = 3785A87928966249004C31EA /* PostTableViewCell.swift */; };
		37A5F65F287DFA8100317703 /* ProfileHeaderView.swift in Sources */ = {isa = PBXBuildFile; fileRef = 37A5F65E287DFA8100317703 /* ProfileHeaderView.swift */; };
		37BD6DEA2893DBE700A4D09B /* LogInViewController.swift in Sources */ = {isa = PBXBuildFile; fileRef = 37BD6DE92893DBE700A4D09B /* LogInViewController.swift */; };
		37DEB20D289AAAA800D50CF6 /* PhotosTableViewCell.swift in Sources */ = {isa = PBXBuildFile; fileRef = 37DEB20C289AAAA800D50CF6 /* PhotosTableViewCell.swift */; };
		37DEB20F289AB3E700D50CF6 /* myCollectionCell.swift in Sources */ = {isa = PBXBuildFile; fileRef = 37DEB20E289AB3E700D50CF6 /* myCollectionCell.swift */; };
		37DEB215289BD8CD00D50CF6 /* PhotosViewController.swift in Sources */ = {isa = PBXBuildFile; fileRef = 37DEB214289BD8CD00D50CF6 /* PhotosViewController.swift */; };
		37DEB217289E741700D50CF6 /* PhotosCollectionViewCell.swift in Sources */ = {isa = PBXBuildFile; fileRef = 37DEB216289E741700D50CF6 /* PhotosCollectionViewCell.swift */; };
		37E49FBC28A114FB00D5789F /* AvatarView.swift in Sources */ = {isa = PBXBuildFile; fileRef = 37E49FBB28A114FB00D5789F /* AvatarView.swift */; };

/* End PBXBuildFile section */

/* Begin PBXFileReference section */
		377B6B56287896010008586B /* Navigation_HW_1.3.app */ = {isa = PBXFileReference; explicitFileType = wrapper.application; includeInIndex = 0; path = Navigation_HW_1.3.app; sourceTree = BUILT_PRODUCTS_DIR; };
		377B6B59287896010008586B /* AppDelegate.swift */ = {isa = PBXFileReference; lastKnownFileType = sourcecode.swift; path = AppDelegate.swift; sourceTree = "<group>"; };
		377B6B5B287896010008586B /* SceneDelegate.swift */ = {isa = PBXFileReference; lastKnownFileType = sourcecode.swift; path = SceneDelegate.swift; sourceTree = "<group>"; };
		377B6B62287896020008586B /* Assets.xcassets */ = {isa = PBXFileReference; lastKnownFileType = folder.assetcatalog; path = Assets.xcassets; sourceTree = "<group>"; };
		377B6B65287896020008586B /* Base */ = {isa = PBXFileReference; lastKnownFileType = file.storyboard; name = Base; path = Base.lproj/LaunchScreen.storyboard; sourceTree = "<group>"; };
		377B6B67287896020008586B /* Info.plist */ = {isa = PBXFileReference; lastKnownFileType = text.plist.xml; path = Info.plist; sourceTree = "<group>"; };
		377B6B6D28789A9A0008586B /* FeedViewController.swift */ = {isa = PBXFileReference; lastKnownFileType = sourcecode.swift; path = FeedViewController.swift; sourceTree = "<group>"; };
		377B6B6F28789AB20008586B /* ProfileViewController.swift */ = {isa = PBXFileReference; lastKnownFileType = sourcecode.swift; path = ProfileViewController.swift; sourceTree = "<group>"; };
		377B6B722878A0280008586B /* PostViewController.swift */ = {isa = PBXFileReference; lastKnownFileType = sourcecode.swift; path = PostViewController.swift; sourceTree = "<group>"; };
		377B6B752878A0530008586B /* Post.swift */ = {isa = PBXFileReference; lastKnownFileType = sourcecode.swift; path = Post.swift; sourceTree = "<group>"; };
		377B6B782878A1240008586B /* ButtonFeed.swift */ = {isa = PBXFileReference; lastKnownFileType = sourcecode.swift; path = ButtonFeed.swift; sourceTree = "<group>"; };
		377B6B7A2878C42E0008586B /* InfoViewController.swift */ = {isa = PBXFileReference; lastKnownFileType = sourcecode.swift; path = InfoViewController.swift; sourceTree = "<group>"; };
		377B6B7C2878C48A0008586B /* ButtonAlert.swift */ = {isa = PBXFileReference; lastKnownFileType = sourcecode.swift; path = ButtonAlert.swift; sourceTree = "<group>"; };
		3785A87728965A6A004C31EA /* NewPost.swift */ = {isa = PBXFileReference; lastKnownFileType = sourcecode.swift; path = NewPost.swift; sourceTree = "<group>"; };
		3785A87928966249004C31EA /* PostTableViewCell.swift */ = {isa = PBXFileReference; lastKnownFileType = sourcecode.swift; path = PostTableViewCell.swift; sourceTree = "<group>"; };
		37A5F65E287DFA8100317703 /* ProfileHeaderView.swift */ = {isa = PBXFileReference; lastKnownFileType = sourcecode.swift; path = ProfileHeaderView.swift; sourceTree = "<group>"; };
		37BD6DE92893DBE700A4D09B /* LogInViewController.swift */ = {isa = PBXFileReference; lastKnownFileType = sourcecode.swift; path = LogInViewController.swift; sourceTree = "<group>"; };
		37DEB20C289AAAA800D50CF6 /* PhotosTableViewCell.swift */ = {isa = PBXFileReference; lastKnownFileType = sourcecode.swift; path = PhotosTableViewCell.swift; sourceTree = "<group>"; };
		37DEB20E289AB3E700D50CF6 /* myCollectionCell.swift */ = {isa = PBXFileReference; lastKnownFileType = sourcecode.swift; path = myCollectionCell.swift; sourceTree = "<group>"; };
		37DEB214289BD8CD00D50CF6 /* PhotosViewController.swift */ = {isa = PBXFileReference; lastKnownFileType = sourcecode.swift; path = PhotosViewController.swift; sourceTree = "<group>"; };
		37DEB216289E741700D50CF6 /* PhotosCollectionViewCell.swift */ = {isa = PBXFileReference; lastKnownFileType = sourcecode.swift; path = PhotosCollectionViewCell.swift; sourceTree = "<group>"; };
		37E49FBB28A114FB00D5789F /* AvatarView.swift */ = {isa = PBXFileReference; lastKnownFileType = sourcecode.swift; path = AvatarView.swift; sourceTree = "<group>"; };
/* End PBXFileReference section */

/* Begin PBXFrameworksBuildPhase section */
		377B6B53287896010008586B /* Frameworks */ = {
			isa = PBXFrameworksBuildPhase;
			buildActionMask = 2147483647;
			files = (
			);
			runOnlyForDeploymentPostprocessing = 0;
		};
/* End PBXFrameworksBuildPhase section */

/* Begin PBXGroup section */
		377B6B4D287896010008586B = {
			isa = PBXGroup;
			children = (
				377B6B58287896010008586B /* Navigation_HW_1.3 */,
				377B6B57287896010008586B /* Products */,
			);
			sourceTree = "<group>";
		};
		377B6B57287896010008586B /* Products */ = {
			isa = PBXGroup;
			children = (
				377B6B56287896010008586B /* Navigation_HW_1.3.app */,
			);
			name = Products;
			sourceTree = "<group>";
		};
		377B6B58287896010008586B /* Navigation_HW_1.3 */ = {
			isa = PBXGroup;
			children = (
				37A5F65D287DFA5100317703 /* Profile */,
				377B6B772878A0F70008586B /* UIElement */,
				377B6B7128789ABF0008586B /* VC */,
				377B6B742878A03F0008586B /* Models */,

				377B6B59287896010008586B /* AppDelegate.swift */,
				377B6B5B287896010008586B /* SceneDelegate.swift */,
				377B6B62287896020008586B /* Assets.xcassets */,
				377B6B64287896020008586B /* LaunchScreen.storyboard */,
				377B6B67287896020008586B /* Info.plist */,
			);
			path = Navigation_HW_1.3;
			sourceTree = "<group>";
		};
		377B6B7128789ABF0008586B /* VC */ = {
			isa = PBXGroup;
			children = (
				377B6B6D28789A9A0008586B /* FeedViewController.swift */,
				377B6B722878A0280008586B /* PostViewController.swift */,
				377B6B7A2878C42E0008586B /* InfoViewController.swift */,
				37DEB214289BD8CD00D50CF6 /* PhotosViewController.swift */,

			);
			path = VC;
			sourceTree = "<group>";
		};
		377B6B742878A03F0008586B /* Models */ = {
			isa = PBXGroup;
			children = (
				3785A87728965A6A004C31EA /* NewPost.swift */,
				377B6B752878A0530008586B /* Post.swift */,
			);
			path = Models;
			sourceTree = "<group>";
		};
		377B6B772878A0F70008586B /* UIElement */ = {
			isa = PBXGroup;
			children = (
				377B6B782878A1240008586B /* ButtonFeed.swift */,
				377B6B7C2878C48A0008586B /* ButtonAlert.swift */,
				3785A87928966249004C31EA /* PostTableViewCell.swift */,
				37DEB20C289AAAA800D50CF6 /* PhotosTableViewCell.swift */,
				37DEB20E289AB3E700D50CF6 /* myCollectionCell.swift */,
				37DEB216289E741700D50CF6 /* PhotosCollectionViewCell.swift */,
				37E49FBB28A114FB00D5789F /* AvatarView.swift */,

			);
			path = UIElement;
			sourceTree = "<group>";
		};
		37A5F65D287DFA5100317703 /* Profile */ = {
			isa = PBXGroup;
			children = (
				377B6B6F28789AB20008586B /* ProfileViewController.swift */,
				37A5F65E287DFA8100317703 /* ProfileHeaderView.swift */,
				37BD6DE92893DBE700A4D09B /* LogInViewController.swift */,
			);
			path = Profile;
			sourceTree = "<group>";
		};
/* End PBXGroup section */

/* Begin PBXNativeTarget section */
		377B6B55287896010008586B /* Navigation_HW_1.3 */ = {
			isa = PBXNativeTarget;
			buildConfigurationList = 377B6B6A287896020008586B /* Build configuration list for PBXNativeTarget "Navigation_HW_1.3" */;
			buildPhases = (
				377B6B52287896010008586B /* Sources */,
				377B6B53287896010008586B /* Frameworks */,
				377B6B54287896010008586B /* Resources */,
			);
			buildRules = (
			);
			dependencies = (
			);
			name = Navigation_HW_1.3;
			productName = Navigation_HW_1.3;
			productReference = 377B6B56287896010008586B /* Navigation_HW_1.3.app */;
			productType = "com.apple.product-type.application";
		};
/* End PBXNativeTarget section */

/* Begin PBXProject section */
		377B6B4E287896010008586B /* Project object */ = {
			isa = PBXProject;
			attributes = {
				BuildIndependentTargetsInParallel = 1;
				LastSwiftUpdateCheck = 1320;
				LastUpgradeCheck = 1320;
				TargetAttributes = {
					377B6B55287896010008586B = {
						CreatedOnToolsVersion = 13.2.1;
					};
				};
			};
			buildConfigurationList = 377B6B51287896010008586B /* Build configuration list for PBXProject "Navigation_HW_1.3" */;
			compatibilityVersion = "Xcode 13.0";
			developmentRegion = en;
			hasScannedForEncodings = 0;
			knownRegions = (
				en,
				Base,
			);
			mainGroup = 377B6B4D287896010008586B;
			productRefGroup = 377B6B57287896010008586B /* Products */;
			projectDirPath = "";
			projectRoot = "";
			targets = (
				377B6B55287896010008586B /* Navigation_HW_1.3 */,
			);
		};
/* End PBXProject section */

/* Begin PBXResourcesBuildPhase section */
		377B6B54287896010008586B /* Resources */ = {
			isa = PBXResourcesBuildPhase;
			buildActionMask = 2147483647;
			files = (
				377B6B66287896020008586B /* LaunchScreen.storyboard in Resources */,
				377B6B63287896020008586B /* Assets.xcassets in Resources */,
			);
			runOnlyForDeploymentPostprocessing = 0;
		};
/* End PBXResourcesBuildPhase section */

/* Begin PBXSourcesBuildPhase section */
		377B6B52287896010008586B /* Sources */ = {
			isa = PBXSourcesBuildPhase;
			buildActionMask = 2147483647;
			files = (
				377B6B7D2878C48A0008586B /* ButtonAlert.swift in Sources */,
				377B6B5A287896010008586B /* AppDelegate.swift in Sources */,
				3785A87A28966249004C31EA /* PostTableViewCell.swift in Sources */,
				37DEB20F289AB3E700D50CF6 /* myCollectionCell.swift in Sources */,

				37BD6DEA2893DBE700A4D09B /* LogInViewController.swift in Sources */,
				3785A87828965A6A004C31EA /* NewPost.swift in Sources */,
				377B6B792878A1240008586B /* ButtonFeed.swift in Sources */,
				377B6B6E28789A9A0008586B /* FeedViewController.swift in Sources */,
				377B6B7028789AB20008586B /* ProfileViewController.swift in Sources */,
				37DEB215289BD8CD00D50CF6 /* PhotosViewController.swift in Sources */,
				37DEB217289E741700D50CF6 /* PhotosCollectionViewCell.swift in Sources */,
				37E49FBC28A114FB00D5789F /* AvatarView.swift in Sources */,
				37DEB20D289AAAA800D50CF6 /* PhotosTableViewCell.swift in Sources */,

				377B6B762878A0530008586B /* Post.swift in Sources */,
				377B6B5C287896010008586B /* SceneDelegate.swift in Sources */,
				37A5F65F287DFA8100317703 /* ProfileHeaderView.swift in Sources */,
				377B6B7B2878C42E0008586B /* InfoViewController.swift in Sources */,
				377B6B732878A0280008586B /* PostViewController.swift in Sources */,
			);
			runOnlyForDeploymentPostprocessing = 0;
		};
/* End PBXSourcesBuildPhase section */

/* Begin PBXVariantGroup section */
		377B6B64287896020008586B /* LaunchScreen.storyboard */ = {
			isa = PBXVariantGroup;
			children = (
				377B6B65287896020008586B /* Base */,
			);
			name = LaunchScreen.storyboard;
			sourceTree = "<group>";
		};
/* End PBXVariantGroup section */

/* Begin XCBuildConfiguration section */
		377B6B68287896020008586B /* Debug */ = {
			isa = XCBuildConfiguration;
			buildSettings = {
				ALWAYS_SEARCH_USER_PATHS = NO;
				CLANG_ANALYZER_NONNULL = YES;
				CLANG_ANALYZER_NUMBER_OBJECT_CONVERSION = YES_AGGRESSIVE;
				CLANG_CXX_LANGUAGE_STANDARD = "gnu++17";
				CLANG_CXX_LIBRARY = "libc++";
				CLANG_ENABLE_MODULES = YES;
				CLANG_ENABLE_OBJC_ARC = YES;
				CLANG_ENABLE_OBJC_WEAK = YES;
				CLANG_WARN_BLOCK_CAPTURE_AUTORELEASING = YES;
				CLANG_WARN_BOOL_CONVERSION = YES;
				CLANG_WARN_COMMA = YES;
				CLANG_WARN_CONSTANT_CONVERSION = YES;
				CLANG_WARN_DEPRECATED_OBJC_IMPLEMENTATIONS = YES;
				CLANG_WARN_DIRECT_OBJC_ISA_USAGE = YES_ERROR;
				CLANG_WARN_DOCUMENTATION_COMMENTS = YES;
				CLANG_WARN_EMPTY_BODY = YES;
				CLANG_WARN_ENUM_CONVERSION = YES;
				CLANG_WARN_INFINITE_RECURSION = YES;
				CLANG_WARN_INT_CONVERSION = YES;
				CLANG_WARN_NON_LITERAL_NULL_CONVERSION = YES;
				CLANG_WARN_OBJC_IMPLICIT_RETAIN_SELF = YES;
				CLANG_WARN_OBJC_LITERAL_CONVERSION = YES;
				CLANG_WARN_OBJC_ROOT_CLASS = YES_ERROR;
				CLANG_WARN_QUOTED_INCLUDE_IN_FRAMEWORK_HEADER = YES;
				CLANG_WARN_RANGE_LOOP_ANALYSIS = YES;
				CLANG_WARN_STRICT_PROTOTYPES = YES;
				CLANG_WARN_SUSPICIOUS_MOVE = YES;
				CLANG_WARN_UNGUARDED_AVAILABILITY = YES_AGGRESSIVE;
				CLANG_WARN_UNREACHABLE_CODE = YES;
				CLANG_WARN__DUPLICATE_METHOD_MATCH = YES;
				COPY_PHASE_STRIP = NO;
				DEBUG_INFORMATION_FORMAT = dwarf;
				ENABLE_STRICT_OBJC_MSGSEND = YES;
				ENABLE_TESTABILITY = YES;
				GCC_C_LANGUAGE_STANDARD = gnu11;
				GCC_DYNAMIC_NO_PIC = NO;
				GCC_NO_COMMON_BLOCKS = YES;
				GCC_OPTIMIZATION_LEVEL = 0;
				GCC_PREPROCESSOR_DEFINITIONS = (
					"DEBUG=1",
					"$(inherited)",
				);
				GCC_WARN_64_TO_32_BIT_CONVERSION = YES;
				GCC_WARN_ABOUT_RETURN_TYPE = YES_ERROR;
				GCC_WARN_UNDECLARED_SELECTOR = YES;
				GCC_WARN_UNINITIALIZED_AUTOS = YES_AGGRESSIVE;
				GCC_WARN_UNUSED_FUNCTION = YES;
				GCC_WARN_UNUSED_VARIABLE = YES;
				IPHONEOS_DEPLOYMENT_TARGET = 15.2;
				MTL_ENABLE_DEBUG_INFO = INCLUDE_SOURCE;
				MTL_FAST_MATH = YES;
				ONLY_ACTIVE_ARCH = YES;
				SDKROOT = iphoneos;
				SWIFT_ACTIVE_COMPILATION_CONDITIONS = DEBUG;
				SWIFT_OPTIMIZATION_LEVEL = "-Onone";
			};
			name = Debug;
		};
		377B6B69287896020008586B /* Release */ = {
			isa = XCBuildConfiguration;
			buildSettings = {
				ALWAYS_SEARCH_USER_PATHS = NO;
				CLANG_ANALYZER_NONNULL = YES;
				CLANG_ANALYZER_NUMBER_OBJECT_CONVERSION = YES_AGGRESSIVE;
				CLANG_CXX_LANGUAGE_STANDARD = "gnu++17";
				CLANG_CXX_LIBRARY = "libc++";
				CLANG_ENABLE_MODULES = YES;
				CLANG_ENABLE_OBJC_ARC = YES;
				CLANG_ENABLE_OBJC_WEAK = YES;
				CLANG_WARN_BLOCK_CAPTURE_AUTORELEASING = YES;
				CLANG_WARN_BOOL_CONVERSION = YES;
				CLANG_WARN_COMMA = YES;
				CLANG_WARN_CONSTANT_CONVERSION = YES;
				CLANG_WARN_DEPRECATED_OBJC_IMPLEMENTATIONS = YES;
				CLANG_WARN_DIRECT_OBJC_ISA_USAGE = YES_ERROR;
				CLANG_WARN_DOCUMENTATION_COMMENTS = YES;
				CLANG_WARN_EMPTY_BODY = YES;
				CLANG_WARN_ENUM_CONVERSION = YES;
				CLANG_WARN_INFINITE_RECURSION = YES;
				CLANG_WARN_INT_CONVERSION = YES;
				CLANG_WARN_NON_LITERAL_NULL_CONVERSION = YES;
				CLANG_WARN_OBJC_IMPLICIT_RETAIN_SELF = YES;
				CLANG_WARN_OBJC_LITERAL_CONVERSION = YES;
				CLANG_WARN_OBJC_ROOT_CLASS = YES_ERROR;
				CLANG_WARN_QUOTED_INCLUDE_IN_FRAMEWORK_HEADER = YES;
				CLANG_WARN_RANGE_LOOP_ANALYSIS = YES;
				CLANG_WARN_STRICT_PROTOTYPES = YES;
				CLANG_WARN_SUSPICIOUS_MOVE = YES;
				CLANG_WARN_UNGUARDED_AVAILABILITY = YES_AGGRESSIVE;
				CLANG_WARN_UNREACHABLE_CODE = YES;
				CLANG_WARN__DUPLICATE_METHOD_MATCH = YES;
				COPY_PHASE_STRIP = NO;
				DEBUG_INFORMATION_FORMAT = "dwarf-with-dsym";
				ENABLE_NS_ASSERTIONS = NO;
				ENABLE_STRICT_OBJC_MSGSEND = YES;
				GCC_C_LANGUAGE_STANDARD = gnu11;
				GCC_NO_COMMON_BLOCKS = YES;
				GCC_WARN_64_TO_32_BIT_CONVERSION = YES;
				GCC_WARN_ABOUT_RETURN_TYPE = YES_ERROR;
				GCC_WARN_UNDECLARED_SELECTOR = YES;
				GCC_WARN_UNINITIALIZED_AUTOS = YES_AGGRESSIVE;
				GCC_WARN_UNUSED_FUNCTION = YES;
				GCC_WARN_UNUSED_VARIABLE = YES;
				IPHONEOS_DEPLOYMENT_TARGET = 15.2;
				MTL_ENABLE_DEBUG_INFO = NO;
				MTL_FAST_MATH = YES;
				SDKROOT = iphoneos;
				SWIFT_COMPILATION_MODE = wholemodule;
				SWIFT_OPTIMIZATION_LEVEL = "-O";
				VALIDATE_PRODUCT = YES;
			};
			name = Release;
		};
		377B6B6B287896020008586B /* Debug */ = {
			isa = XCBuildConfiguration;
			buildSettings = {
				ASSETCATALOG_COMPILER_APPICON_NAME = AppIcon;
				ASSETCATALOG_COMPILER_GLOBAL_ACCENT_COLOR_NAME = AccentColor;
				CODE_SIGN_STYLE = Automatic;
				CURRENT_PROJECT_VERSION = 1;
				DEVELOPMENT_TEAM = "";
				GENERATE_INFOPLIST_FILE = YES;
				INFOPLIST_FILE = Navigation_HW_1.3/Info.plist;
				INFOPLIST_KEY_UIApplicationSupportsIndirectInputEvents = YES;
				INFOPLIST_KEY_UILaunchStoryboardName = LaunchScreen;
				INFOPLIST_KEY_UISupportedInterfaceOrientations_iPad = "UIInterfaceOrientationPortrait UIInterfaceOrientationPortraitUpsideDown UIInterfaceOrientationLandscapeLeft UIInterfaceOrientationLandscapeRight";
				INFOPLIST_KEY_UISupportedInterfaceOrientations_iPhone = "UIInterfaceOrientationPortrait UIInterfaceOrientationLandscapeLeft UIInterfaceOrientationLandscapeRight";
				LD_RUNPATH_SEARCH_PATHS = (
					"$(inherited)",
					"@executable_path/Frameworks",
				);
				MARKETING_VERSION = 1.0;
				PRODUCT_BUNDLE_IDENTIFIER = "Shikhalev-Dmitry.Navigation-HW-1-3";
				PRODUCT_NAME = "$(TARGET_NAME)";
				SWIFT_EMIT_LOC_STRINGS = YES;
				SWIFT_VERSION = 5.0;
				TARGETED_DEVICE_FAMILY = "1,2";
			};
			name = Debug;
		};
		377B6B6C287896020008586B /* Release */ = {
			isa = XCBuildConfiguration;
			buildSettings = {
				ASSETCATALOG_COMPILER_APPICON_NAME = AppIcon;
				ASSETCATALOG_COMPILER_GLOBAL_ACCENT_COLOR_NAME = AccentColor;
				CODE_SIGN_STYLE = Automatic;
				CURRENT_PROJECT_VERSION = 1;
				DEVELOPMENT_TEAM = "";
				GENERATE_INFOPLIST_FILE = YES;
				INFOPLIST_FILE = Navigation_HW_1.3/Info.plist;
				INFOPLIST_KEY_UIApplicationSupportsIndirectInputEvents = YES;
				INFOPLIST_KEY_UILaunchStoryboardName = LaunchScreen;
				INFOPLIST_KEY_UISupportedInterfaceOrientations_iPad = "UIInterfaceOrientationPortrait UIInterfaceOrientationPortraitUpsideDown UIInterfaceOrientationLandscapeLeft UIInterfaceOrientationLandscapeRight";
				INFOPLIST_KEY_UISupportedInterfaceOrientations_iPhone = "UIInterfaceOrientationPortrait UIInterfaceOrientationLandscapeLeft UIInterfaceOrientationLandscapeRight";
				LD_RUNPATH_SEARCH_PATHS = (
					"$(inherited)",
					"@executable_path/Frameworks",
				);
				MARKETING_VERSION = 1.0;
				PRODUCT_BUNDLE_IDENTIFIER = "Shikhalev-Dmitry.Navigation-HW-1-3";
				PRODUCT_NAME = "$(TARGET_NAME)";
				SWIFT_EMIT_LOC_STRINGS = YES;
				SWIFT_VERSION = 5.0;
				TARGETED_DEVICE_FAMILY = "1,2";
			};
			name = Release;
		};
/* End XCBuildConfiguration section */

/* Begin XCConfigurationList section */
		377B6B51287896010008586B /* Build configuration list for PBXProject "Navigation_HW_1.3" */ = {
			isa = XCConfigurationList;
			buildConfigurations = (
				377B6B68287896020008586B /* Debug */,
				377B6B69287896020008586B /* Release */,
			);
			defaultConfigurationIsVisible = 0;
			defaultConfigurationName = Release;
		};
		377B6B6A287896020008586B /* Build configuration list for PBXNativeTarget "Navigation_HW_1.3" */ = {
			isa = XCConfigurationList;
			buildConfigurations = (
				377B6B6B287896020008586B /* Debug */,
				377B6B6C287896020008586B /* Release */,
			);
			defaultConfigurationIsVisible = 0;
			defaultConfigurationName = Release;
		};
/* End XCConfigurationList section */
	};
	rootObject = 377B6B4E287896010008586B /* Project object */;
}
